
Microsoft Visual Studio Solution File, Format Version 12.00
# Visual Studio Version 16
VisualStudioVersion = 16.0.30717.126
MinimumVisualStudioVersion = 10.0.40219.1
Project("{FAE04EC0-301F-11D3-BF4B-00C04F79EFBC}") = "WebAppTest", "WebAppTest.csproj", "{CACCCCB9-4DEF-4F00-A53D-252D9CD422EF}"
EndProject
Global
	GlobalSection(SolutionConfigurationPlatforms) = preSolution
		Debug|Any CPU = Debug|Any CPU
		Release|Any CPU = Release|Any CPU
	EndGlobalSection
	GlobalSection(ProjectConfigurationPlatforms) = postSolution
		{CACCCCB9-4DEF-4F00-A53D-252D9CD422EF}.Debug|Any CPU.ActiveCfg = Debug|Any CPU
		{CACCCCB9-4DEF-4F00-A53D-252D9CD422EF}.Debug|Any CPU.Build.0 = Debug|Any CPU
		{CACCCCB9-4DEF-4F00-A53D-252D9CD422EF}.Release|Any CPU.ActiveCfg = Release|Any CPU
		{CACCCCB9-4DEF-4F00-A53D-252D9CD422EF}.Release|Any CPU.Build.0 = Release|Any CPU
	EndGlobalSection
	GlobalSection(SolutionProperties) = preSolution
		HideSolutionNode = FALSE
	EndGlobalSection
	GlobalSection(ExtensibilityGlobals) = postSolution
		SolutionGuid = {769FF945-82C0-4E87-8FE5-76E4115D4BB8}
	EndGlobalSection
EndGlobal
